PODS:
  - "!ProtoCompiler (3.6.0)":
    - Protobuf (~> 3.0)
  - "!ProtoCompiler-gRPCPlugin (1.15.0)":
    - "!ProtoCompiler (= 3.6.0)"
    - gRPC-ProtoRPC (= 1.15.0)
  - BoringSSL-GRPC (0.0.1):
    - BoringSSL-GRPC/Implementation (= 0.0.1)
    - BoringSSL-GRPC/Interface (= 0.0.1)
  - BoringSSL-GRPC/Implementation (0.0.1):
    - BoringSSL-GRPC/Interface (= 0.0.1)
  - BoringSSL-GRPC/Interface (0.0.1)
  - googleapis (0.0.1):
    - "!ProtoCompiler-gRPCPlugin (~> 1.0)"
    - googleapis/Messages (= 0.0.1)
    - googleapis/Services (= 0.0.1)
  - googleapis/Messages (0.0.1):
    - "!ProtoCompiler-gRPCPlugin (~> 1.0)"
    - Protobuf
  - googleapis/Services (0.0.1):
    - "!ProtoCompiler-gRPCPlugin (~> 1.0)"
    - googleapis/Messages
    - gRPC-ProtoRPC
  - gRPC (1.15.0):
    - gRPC-RxLibrary (= 1.15.0)
    - gRPC/Main (= 1.15.0)
  - gRPC-Core (1.15.0):
    - gRPC-Core/Implementation (= 1.15.0)
    - gRPC-Core/Interface (= 1.15.0)
  - gRPC-Core/Implementation (1.15.0):
    - BoringSSL-GRPC (= 0.0.1)
    - gRPC-Core/Interface (= 1.15.0)
    - nanopb (~> 0.3)
  - gRPC-Core/Interface (1.15.0)
  - gRPC-ProtoRPC (1.15.0):
    - gRPC-ProtoRPC/Main (= 1.15.0)
  - gRPC-ProtoRPC/Main (1.15.0):
    - gRPC (= 1.15.0)
    - gRPC-RxLibrary (= 1.15.0)
    - Protobuf (~> 3.0)
  - gRPC-RxLibrary (1.15.0)
  - gRPC/Main (1.15.0):
    - gRPC-Core (= 1.15.0)
    - gRPC-RxLibrary (= 1.15.0)
  - nanopb (0.3.8):
    - nanopb/decode (= 0.3.8)
    - nanopb/encode (= 0.3.8)
  - nanopb/decode (0.3.8)
  - nanopb/encode (0.3.8)
  - Protobuf (3.6.1)

DEPENDENCIES:
  - googleapis (from `.`)

SPEC REPOS:
  https://github.com/cocoapods/specs.git:
    - "!ProtoCompiler"
    - "!ProtoCompiler-gRPCPlugin"
    - BoringSSL-GRPC
    - gRPC
    - gRPC-Core
    - gRPC-ProtoRPC
    - gRPC-RxLibrary
    - nanopb
    - Protobuf

EXTERNAL SOURCES:
  googleapis:
    :path: "."

SPEC CHECKSUMS:
  "!ProtoCompiler": c9526df99fafd398a393def617ae18d3774b7232
  "!ProtoCompiler-gRPCPlugin": 57fadae155be8aa7832fbcf9a73a385cb146050b
  BoringSSL-GRPC: b7941e85a30e48d3704cfdfe5fb48d3e14106714
  googleapis: d6f6cbea54df52583737ed6d07b02a08006cb6ed
  gRPC: d30ff914108c3a4f839e5a93adf70461f3ecbce7
  gRPC-Core: 96b2b7e7dcc5ece02e2d4fed30919eb9a2800517
  gRPC-ProtoRPC: d5bbb8b854889b7ec3a9b84aeccc08e639e98b77
  gRPC-RxLibrary: 99199a2405838e59ac37eed2121c793633878803
  nanopb: 5601e6bca2dbf1ed831b519092ec110f66982ca3
  Protobuf: 1eb9700044745f00181c136ef21b8ff3ad5a0fd5

PODFILE CHECKSUM: 7cf2a654db6d47b3636eea8db7bbda4cf8b428d6

COCOAPODS: 1.5.3
