PODS:
  - filter_audio (0.4.3)
  - TensorFlowLiteC (2.3.0):
    - TensorFlowLiteC/Core (= 2.3.0)
  - TensorFlowLiteC/Core (2.3.0)
  - TensorFlowLiteSwift (2.3.0):
    - TensorFlowLiteSwift/Core (= 2.3.0)
  - TensorFlowLiteSwift/Core (2.3.0):
    - TensorFlowLiteC (= 2.3.0)

DEPENDENCIES:
  - filter_audio (~> 0.4.3)
  - TensorFlowLiteSwift (~> 2.3.0)

SPEC REPOS:
  trunk:
    - filter_audio
    - TensorFlowLiteC
    - TensorFlowLiteSwift

SPEC CHECKSUMS:
  filter_audio: 93822826dcc07a70f41a5a4b103cae97c9efde83
  TensorFlowLiteC: 51f50caf5777f740a70e2c1a5dbdc149e7aeb50b
  TensorFlowLiteSwift: fb152cc1eec36b25b03a23c07f5d58113170af58

PODFILE CHECKSUM: 2dc21c107952e0798765d188d312de6b0e9994fd

COCOAPODS: 1.10.1
